
Microsoft Visual Studio Solution File, Format Version 12.00
# Visual Studio 15
VisualStudioVersion = 15.0.26730.16
MinimumVisualStudioVersion = 10.0.40219.1
Project("{FAE04EC0-301F-11D3-BF4B-00C04F79EFBC}") = "Dks.Remoting", "Dks.Remoting\Dks.Remoting.csproj", "{9F2F196B-3DAB-42F2-A0EE-427F86683FAF}"
EndProject
Project("{FAE04EC0-301F-11D3-BF4B-00C04F79EFBC}") = "Dks.Remoting.Test", "Dks.Remoting.Test\Dks.Remoting.Test.csproj", "{24FF6627-A633-41DA-80B6-16DAFE49F1D2}"
EndProject
Global
	GlobalSection(SolutionConfigurationPlatforms) = preSolution
		Debug|Any CPU = Debug|Any CPU
		Release|Any CPU = Release|Any CPU
	EndGlobalSection
	GlobalSection(ProjectConfigurationPlatforms) = postSolution
		{9F2F196B-3DAB-42F2-A0EE-427F86683FAF}.Debug|Any CPU.ActiveCfg = Debug|Any CPU
		{9F2F196B-3DAB-42F2-A0EE-427F86683FAF}.Debug|Any CPU.Build.0 = Debug|Any CPU
		{9F2F196B-3DAB-42F2-A0EE-427F86683FAF}.Release|Any CPU.ActiveCfg = Release|Any CPU
		{9F2F196B-3DAB-42F2-A0EE-427F86683FAF}.Release|Any CPU.Build.0 = Release|Any CPU
		{24FF6627-A633-41DA-80B6-16DAFE49F1D2}.Debug|Any CPU.ActiveCfg = Debug|Any CPU
		{24FF6627-A633-41DA-80B6-16DAFE49F1D2}.Debug|Any CPU.Build.0 = Debug|Any CPU
		{24FF6627-A633-41DA-80B6-16DAFE49F1D2}.Release|Any CPU.ActiveCfg = Release|Any CPU
		{24FF6627-A633-41DA-80B6-16DAFE49F1D2}.Release|Any CPU.Build.0 = Release|Any CPU
	EndGlobalSection
	GlobalSection(SolutionProperties) = preSolution
		HideSolutionNode = FALSE
	EndGlobalSection
	GlobalSection(ExtensibilityGlobals) = postSolution
		SolutionGuid = {D131D4E1-C028-474E-94B9-06EE00C69D11}
	EndGlobalSection
EndGlobal
